
Microsoft Visual Studio Solution File, Format Version 12.00
# Visual Studio 15
VisualStudioVersion = 15.0.28307.168
MinimumVisualStudioVersion = 10.0.40219.1
Project("{FAE04EC0-301F-11D3-BF4B-00C04F79EFBC}") = "WindowsFormsApp1", "WindowsFormsApp1\WindowsFormsApp1.csproj", "{61D6D8D8-BD7A-4D5E-BEF8-E52DEA0D59E7}"
EndProject
Project("{54435603-DBB4-11D2-8724-00A0C9A8B90C}") = "Setup", "Setup\Setup.vdproj", "{DA61907D-52FF-4B8F-A7B0-C1D5A9AECF6B}"
EndProject
Global
	GlobalSection(SolutionConfigurationPlatforms) = preSolution
		Debug|Any CPU = Debug|Any CPU
		Release|Any CPU = Release|Any CPU
	EndGlobalSection
	GlobalSection(ProjectConfigurationPlatforms) = postSolution
		{61D6D8D8-BD7A-4D5E-BEF8-E52DEA0D59E7}.Debug|Any CPU.ActiveCfg = Debug|Any CPU
		{61D6D8D8-BD7A-4D5E-BEF8-E52DEA0D59E7}.Debug|Any CPU.Build.0 = Debug|Any CPU
		{61D6D8D8-BD7A-4D5E-BEF8-E52DEA0D59E7}.Release|Any CPU.ActiveCfg = Release|Any CPU
		{61D6D8D8-BD7A-4D5E-BEF8-E52DEA0D59E7}.Release|Any CPU.Build.0 = Release|Any CPU
		{DA61907D-52FF-4B8F-A7B0-C1D5A9AECF6B}.Debug|Any CPU.ActiveCfg = Debug
		{DA61907D-52FF-4B8F-A7B0-C1D5A9AECF6B}.Release|Any CPU.ActiveCfg = Release
	EndGlobalSection
	GlobalSection(SolutionProperties) = preSolution
		HideSolutionNode = FALSE
	EndGlobalSection
	GlobalSection(ExtensibilityGlobals) = postSolution
		SolutionGuid = {7D12EC53-D8C8-4D74-923B-344DBBBB9B60}
	EndGlobalSection
EndGlobal
